
Microsoft Visual Studio Solution File, Format Version 12.00
# Visual Studio Version 17
VisualStudioVersion = 17.8.34511.84
MinimumVisualStudioVersion = 10.0.40219.1
Project("{FAE04EC0-301F-11D3-BF4B-00C04F79EFBC}") = "LMSApi", "LMSApi\LMSApi.csproj", "{C8BAB774-BAAA-48E1-BBE9-FDE1D2E66565}"
EndProject
Global
	GlobalSection(SolutionConfigurationPlatforms) = preSolution
		Debug|Any CPU = Debug|Any CPU
		Release|Any CPU = Release|Any CPU
	EndGlobalSection
	GlobalSection(ProjectConfigurationPlatforms) = postSolution
		{C8BAB774-BAAA-48E1-BBE9-FDE1D2E66565}.Debug|Any CPU.ActiveCfg = Debug|Any CPU
		{C8BAB774-BAAA-48E1-BBE9-FDE1D2E66565}.Debug|Any CPU.Build.0 = Debug|Any CPU
		{C8BAB774-BAAA-48E1-BBE9-FDE1D2E66565}.Release|Any CPU.ActiveCfg = Release|Any CPU
		{C8BAB774-BAAA-48E1-BBE9-FDE1D2E66565}.Release|Any CPU.Build.0 = Release|Any CPU
	EndGlobalSection
	GlobalSection(SolutionProperties) = preSolution
		HideSolutionNode = FALSE
	EndGlobalSection
	GlobalSection(ExtensibilityGlobals) = postSolution
		SolutionGuid = {3ADB80D8-CB68-4E1A-98C5-88E5E962B975}
	EndGlobalSection
EndGlobal
